
Microsoft Visual Studio Solution File, Format Version 12.00
# Visual Studio Version 17
VisualStudioVersion = 17.6.33829.357
MinimumVisualStudioVersion = 10.0.40219.1
Project("{FAE04EC0-301F-11D3-BF4B-00C04F79EFBC}") = "dotnet-mvc-crud", "dotnet-mvc-crud\dotnet-mvc-crud.csproj", "{EF240949-6225-463F-9F3B-CDF98D6FF90E}"
EndProject
Global
	GlobalSection(SolutionConfigurationPlatforms) = preSolution
		Debug|Any CPU = Debug|Any CPU
		Release|Any CPU = Release|Any CPU
	EndGlobalSection
	GlobalSection(ProjectConfigurationPlatforms) = postSolution
		{EF240949-6225-463F-9F3B-CDF98D6FF90E}.Debug|Any CPU.ActiveCfg = Debug|Any CPU
		{EF240949-6225-463F-9F3B-CDF98D6FF90E}.Debug|Any CPU.Build.0 = Debug|Any CPU
		{EF240949-6225-463F-9F3B-CDF98D6FF90E}.Release|Any CPU.ActiveCfg = Release|Any CPU
		{EF240949-6225-463F-9F3B-CDF98D6FF90E}.Release|Any CPU.Build.0 = Release|Any CPU
	EndGlobalSection
	GlobalSection(SolutionProperties) = preSolution
		HideSolutionNode = FALSE
	EndGlobalSection
	GlobalSection(ExtensibilityGlobals) = postSolution
		SolutionGuid = {41C70431-6377-48D7-9252-2ACAAF426132}
	EndGlobalSection
EndGlobal
